Microsoft Visual Studio Solution File, Format Version 12.00
# Visual Studio Version 17
VisualStudioVersion = 17.5.2.0
MinimumVisualStudioVersion = 10.0.40219.1
Project("{FAE04EC0-301F-11D3-BF4B-00C04F79EFBC}") = "semana09", "semana09.csproj", "{07477BB3-41F3-42C9-65ED-447E89A179EC}"
EndProject
Global
	GlobalSection(SolutionConfigurationPlatforms) = preSolution
		Debug|Any CPU = Debug|Any CPU
		Release|Any CPU = Release|Any CPU
	EndGlobalSection
	GlobalSection(ProjectConfigurationPlatforms) = postSolution
		{07477BB3-41F3-42C9-65ED-447E89A179EC}.Debug|Any CPU.ActiveCfg = Debug|Any CPU
		{07477BB3-41F3-42C9-65ED-447E89A179EC}.Debug|Any CPU.Build.0 = Debug|Any CPU
		{07477BB3-41F3-42C9-65ED-447E89A179EC}.Release|Any CPU.ActiveCfg = Release|Any CPU
		{07477BB3-41F3-42C9-65ED-447E89A179EC}.Release|Any CPU.Build.0 = Release|Any CPU
	EndGlobalSection
	GlobalSection(SolutionProperties) = preSolution
		HideSolutionNode = FALSE
	EndGlobalSection
	GlobalSection(ExtensibilityGlobals) = postSolution
		SolutionGuid = {CB4A6245-0BEC-4F94-967D-A935EE9390DD}
	EndGlobalSection
EndGlobal
