Microsoft Visual Studio Solution File, Format Version 12.00
# Visual Studio Version 17
VisualStudioVersion = 17.5.2.0
MinimumVisualStudioVersion = 10.0.40219.1
Project("{FAE04EC0-301F-11D3-BF4B-00C04F79EFBC}") = "ejemplo11", "ejemplo11.csproj", "{519407F7-9910-2F30-0E85-4EBC02CCFF36}"
EndProject
Global
	GlobalSection(SolutionConfigurationPlatforms) = preSolution
		Debug|Any CPU = Debug|Any CPU
		Release|Any CPU = Release|Any CPU
	EndGlobalSection
	GlobalSection(ProjectConfigurationPlatforms) = postSolution
		{519407F7-9910-2F30-0E85-4EBC02CCFF36}.Debug|Any CPU.ActiveCfg = Debug|Any CPU
		{519407F7-9910-2F30-0E85-4EBC02CCFF36}.Debug|Any CPU.Build.0 = Debug|Any CPU
		{519407F7-9910-2F30-0E85-4EBC02CCFF36}.Release|Any CPU.ActiveCfg = Release|Any CPU
		{519407F7-9910-2F30-0E85-4EBC02CCFF36}.Release|Any CPU.Build.0 = Release|Any CPU
	EndGlobalSection
	GlobalSection(SolutionProperties) = preSolution
		HideSolutionNode = FALSE
	EndGlobalSection
	GlobalSection(ExtensibilityGlobals) = postSolution
		SolutionGuid = {1131691D-2EDC-4A2B-8D87-4EC1BEC9337A}
	EndGlobalSection
EndGlobal
